# THIS IS AN AUTOGENERATED FILE. DO NOT EDIT THIS FILE DIRECTLY.
assets/bc-quickview-ico-select.svg.liquid:
  development: 2018-06-05T09:48:57-07:00   cadc5dad6e8cedb2d6f76c94c261af5f
assets/bc-quickview-lib.js:
  development: 2018-06-05T09:48:57-07:00   c3bc61c55f46fff3ff1c0f7b63fd344a
assets/bc-sf-filter-checked.png:
  development: 2018-06-05T09:48:49-07:00
assets/bc-sf-filter-lib.js:
  development: 2018-06-05T09:48:47-07:00   76ef9337f673e75b8bf8d16423282b91
assets/bc-sf-filter-loading.gif:
  development: 2018-06-05T09:48:50-07:00   4f0d7a057ab9bf47148d131d6823bc61
assets/bc-sf-filter-no-image.gif:
  development: 2018-06-05T09:48:49-07:00   0c0c8503031b6551f7dbbbe77f180ab4
assets/bc-sf-filter-sprite.png:
  development: 2018-06-05T09:48:49-07:00   733a9d1b60a0250d46ed78e6209d6468
assets/bc-sf-filter.css:
  development: 2018-06-05T09:48:55-07:00   f7d36ea4a693e130b72b092bfa19c8d9
assets/bc-sf-filter.js:
  development: 2018-06-05T09:48:53-07:00   075b13f0d291b724028fdba43965a245
assets/bc-sf-search.js:
  development: 2018-06-05T09:48:46-07:00   3ef864c287892b2b2dd18cbfaf16d6a9
assets/bc-sf-search.png:
  development: 2018-06-05T09:48:49-07:00   da6417b7ff170247afd7492825ce16f9
assets/bold-options.css:
  development: 2018-06-11T13:41:32-07:00   a253f6be346dbbdf6c1c36c1c2a78064
assets/bold.css:
  development: 2018-05-30T19:13:46-07:00   9e844610f9a9b918c4136f91f045ae1b
assets/custom.css.liquid:
  development: 2018-06-14T10:25:14-07:00   9ab84a4421fb2e4a7425904d98d67dff
assets/customize-theme.css.liquid:
  development: 2018-06-13T16:53:06-07:00   e775e636d0df356936b148bcd4324a0b
assets/gift-card.scss.liquid:
  development: 2018-05-02T21:48:07-07:00   e1a5daa919b551d8d2a3051821614eb0
assets/jquery-2.2.3.min.js:
  development: 2018-05-02T21:48:07-07:00   33cabfa15c1060aaa3d207c653afb1ee
assets/lazysizes.min.js:
  development: 2018-05-02T21:48:07-07:00   830660aaaf0a60b712ad5c32482ee689
assets/no-image-for-this-collection.png:
  development: 2018-06-14T15:13:34-07:00   168718768f092fdc34aa2cfcfe8166f6
assets/no-image.svg:
  development: 2018-05-02T21:48:07-07:00   17eb9b00d6ee66aae9f9ae57508e5a88
assets/preloader.gif:
  development: 2018-05-02T21:48:07-07:00   4b47e5482edc6ac1b1adec65c7c0051c
assets/theme.js:
  development: 2018-05-02T21:48:07-07:00   f38e2023629c73937a809e85d6efdec0
assets/theme.scss.liquid:
  development: 2018-06-11T15:14:02-07:00   c67b6c80690ab8ae773fae2eb62f00bc
assets/uncomplicated.categories.catlist.css.liquid:
  development: 2018-06-14T15:13:31-07:00   5f2a494e24b4e8e2a322dbd4aa9aa4ce
assets/uncomplicated.categories.catlist.min.js:
  development: 2018-06-14T15:13:33-07:00   d8f5b093a632cd66bf5cd5231b12d34b
assets/vendor.js:
  development: 2018-05-02T21:48:08-07:00   61bdd6100244869e398a4db18e64ea77
config/settings_data.json:
  development: 2018-06-13T19:32:20-07:00   1865d3c7f47136ec6effa80728843597
config/settings_schema.json:
  development: 2018-05-02T21:48:10-07:00   e9f929ce3d5c95174ad3bde8aadb35fb
layout/password.liquid:
  development: 2018-05-02T21:48:08-07:00   5b08d70a62842366bc47cc401e5c2836
layout/theme.liquid:
  development: 2018-06-14T15:32:10-07:00   318ce613cfe10f3c62e3af293cc395ae
locales/de.json:
  development: 2018-06-05T09:49:00-07:00   305f9e412275fdf961a1ada2bd6e690d
locales/en.default.json:
  development: 2018-06-05T09:49:00-07:00   85855ecc10d0fb8f38f1f9201d17083f
locales/es.json:
  development: 2018-06-05T09:49:00-07:00   b4de4c98bcac74919f63818cd5ea6396
locales/fr.json:
  development: 2018-06-05T09:49:00-07:00   94eb8955048327e5abc2ab8a19d61bfe
locales/it.json:
  development: 2018-06-05T09:49:00-07:00   099f1f55dc320efb686275b650667d1c
locales/ja.json:
  development: 2018-06-05T09:49:00-07:00   4cfa9152136540df31ebe39ee1d1d789
locales/pt-BR.json:
  development: 2018-06-05T09:49:00-07:00   50a2fd58301719e5f56ececa0be16ef2
locales/pt-PT.json:
  development: 2018-06-05T09:49:00-07:00   7625d1cd382680a4fcdfa4d7cf5979f3
sections/article-template.liquid:
  development: 2018-05-02T21:48:05-07:00   20f5a4604065986dd186a6daddf24f53
sections/cart-template.liquid:
  development: 2018-05-29T17:49:50-07:00   c3f2c7202875b370b0b31e26261dc488
sections/client-list.liquid:
  development: 2018-05-02T21:48:05-07:00   8f1030f182c2e833e737668983e00420
sections/collection-template-bc-original.liquid:
  development: 2018-06-05T09:48:44-07:00   22a3e661ced8f666e13531d2f3e10260
sections/collection-template-bc-sf-filter-backup.liquid:
  development: 2018-06-06T17:36:21-07:00   22a3e661ced8f666e13531d2f3e10260
sections/collection-template.liquid:
  development: 2018-06-14T15:30:06-07:00   6814672bbfc43cbec5b19d574d1e17b9
sections/custom-1-product-template.liquid:
  development: 2018-06-08T16:11:58-07:00   0519c6c8bf8be3f13a79488487d49f4d
sections/faq.liquid:
  development: 2018-05-02T21:48:05-07:00   7170148f233e0a444cff571c57b7d863
sections/feature-collection.liquid:
  development: 2018-05-29T17:49:52-07:00   4bed46174c3d1f250eee00f2690a0bb7
sections/feature-columns.liquid:
  development: 2018-05-02T21:48:05-07:00   74f6267a446e9b9879f3c3e47cb5b4ae
sections/feature-rows.liquid:
  development: 2018-05-02T21:48:05-07:00   46e7553f2d725edb4f8a3d0421233a79
sections/featured-blog.liquid:
  development: 2018-05-02T21:48:05-07:00   2e3bdeeb8fb0fb4effbed134e471cd87
sections/featured-content.liquid:
  development: 2018-05-02T21:48:05-07:00   475688ef186471b5b6578b6bc9e8c32b
sections/footer.liquid:
  development: 2018-05-02T21:48:05-07:00   fe5e7958a21afe8fc82a8ce1f26e5446
sections/header.liquid:
  development: 2018-05-02T21:48:05-07:00   f296681a192f73dd0567b48842891729
sections/home-product.liquid:
  development: 2018-05-02T21:48:05-07:00   8934f29dbe2d3f5b13232229569a3a54
sections/kickstarter.liquid:
  development: 2018-05-02T21:48:06-07:00   71516c6b84beee36ede1050d2eeca35d
sections/list-collection-template.liquid:
  development: 2018-05-02T21:48:06-07:00   ff78352241d4b0127ffee39188a17cfd
sections/map.liquid:
  development: 2018-05-02T21:48:06-07:00   771ef68b8f2744251187788e9fb5f1b5
sections/newsletter.liquid:
  development: 2018-05-02T21:48:06-07:00   408965fcec75d6bc1e3266ce98f71366
sections/password-content.liquid:
  development: 2018-05-02T21:48:06-07:00   6e43f28f6b85902774a308c1b9648d98
sections/password-header.liquid:
  development: 2018-05-02T21:48:06-07:00   5c115e0ccfcf53f5bfb26162231c2945
sections/product-template.liquid:
  development: 2018-06-14T12:16:07-07:00   578cb3043d7aac343971f17ecf6cb063
sections/rich-text.liquid:
  development: 2018-05-02T21:48:06-07:00   b84969b8d31aaaf9bfae075c623ace5f
sections/search-template.liquid:
  development: 2018-05-29T17:49:52-07:00   f5840c7e53b68e0b0f24cc9c063de081
sections/slideshow.liquid:
  development: 2018-05-02T21:48:06-07:00   37671f29e9bc46ca3faf6c07ab6b0f0d
sections/video.liquid:
  development: 2018-05-02T21:48:06-07:00   885a3481dba1b731c164b201f434a28a
snippets/asset_svg.liquid:
  development: 2018-05-02T21:48:08-07:00   a3bc2298dfb525fa8c519716d467c049
snippets/bc-quickview-init.liquid:
  development: 2018-06-05T09:48:57-07:00   db8d34e5268f9d89f05be87d983d5118
snippets/bc-sf-filter.liquid:
  development: 2018-06-05T09:48:56-07:00   eca166656801e5e8bcd39c5f85e39108
snippets/bgset.liquid:
  development: 2018-05-02T21:48:08-07:00   e7ca6a4953c6209c770bc737136479b3
snippets/blog_item.liquid:
  development: 2018-05-02T21:48:08-07:00   e309d35126893946f6bd7be931f86eea
snippets/blog_meta.liquid:
  development: 2018-05-02T21:48:08-07:00   f51f4d05c31ea789ae847a5c0ba2b068
snippets/bold-cart-item.liquid:
  development: 2018-05-21T18:38:02-07:00   2aa50621eeb8983e4337341c83a7263d
snippets/bold-cart.liquid:
  development: 2018-05-21T18:37:15-07:00   d963721b4aa920868c916546850fc02d
snippets/bold-common.liquid:
  development: 2018-06-08T16:49:50-07:00   5c2ffdc420b6509eef35e827a0ee565d
snippets/bold-product.liquid:
  development: 2018-05-29T17:49:53-07:00   acc10de003a35e0f5656be6bfb6719f4
snippets/bold-variant.liquid:
  development: 2018-05-29T17:49:54-07:00   cc5775289782460abf0deff824ebd76a
snippets/collection-grid-item.liquid:
  development: 2018-05-02T21:48:08-07:00   25496dab25c335b162e4ec1e0eb3e95f
snippets/footer_social-icons.liquid:
  development: 2018-05-02T21:48:08-07:00   1ca7e466418588fe84c5cc4456f1365f
snippets/head_fonts.liquid:
  development: 2018-05-02T21:48:08-07:00   8b08823e036ef260b85e56e0d78ea89e
snippets/newsletter.liquid:
  development: 2018-05-02T21:48:09-07:00   fd9baedc4d62fbb578b107bdd2a6c905
snippets/page_header.liquid:
  development: 2018-05-02T21:48:09-07:00   ebcee114def4a1bc6c37f1f556d52d82
snippets/page_pagination.liquid:
  development: 2018-05-02T21:48:09-07:00   d57dee2a6c7e6438fb39b1aae356c2ea
snippets/page_share.liquid:
  development: 2018-05-02T21:48:09-07:00   15c4f798bc03233529a580cd6fb8b723
snippets/product-grid-item.liquid:
  development: 2018-05-02T21:48:09-07:00   8d2b08fa0a76ee7ec5cfe3ed25fbfa26
snippets/shappify-options.liquid:
  development: 2018-05-29T17:48:51-07:00   b33ff8dc5813eb97b943075620ef700d
snippets/social-meta-tags.liquid:
  development: 2018-05-02T21:48:09-07:00   ae9e213401623b2601abf0ace8e21537
snippets/uncomplicated.categories.catbread.liquid:
  development: 2018-06-14T15:13:33-07:00   2cb17ace17e0b95549df16734e961c5e
snippets/variant-radio.liquid:
  development: 2018-06-08T15:52:07-07:00   24862626269fffb3aa68f1cda342286c
templates/404.liquid:
  development: 2018-05-02T21:48:09-07:00   40fdef9320d5248382baeae29d513ccc
templates/article.liquid:
  development: 2018-05-02T21:48:09-07:00   08563437ca9c95766c220339923d2899
templates/blog.liquid:
  development: 2018-05-02T21:48:09-07:00   98c744c6589da229d282ec4a2c656845
templates/cart.liquid:
  development: 2018-05-02T21:48:09-07:00   6ae9a93dfc1f81048a78ee67ca6b04c6
templates/collection.bc-original.liquid:
  development: 2018-06-05T09:48:45-07:00   29f5463c6a780018588db6d41ea55018
templates/collection.liquid:
  development: 2018-06-14T15:17:00-07:00   f1cfa9fa0a88084d19c50ea943759817
templates/customers/account.liquid:
  development: 2018-05-02T21:48:09-07:00   fbeba90c6986bcffc4a49cbef79343de
templates/customers/activate_account.liquid:
  development: 2018-05-02T21:48:09-07:00   2936bafdc16667951b03ee4a9eebc101
templates/customers/addresses.liquid:
  development: 2018-05-02T21:48:09-07:00   063651985c33c3f6ea12421fbef20df3
templates/customers/login.liquid:
  development: 2018-05-02T21:48:09-07:00   782dd99760f8e10e080891cc3e52e699
templates/customers/order.liquid:
  development: 2018-05-29T17:49:53-07:00   d50bf1c596a3d31a4de941491f3a2266
templates/customers/register.liquid:
  development: 2018-05-02T21:48:09-07:00   795128405c3205d29fc5b5a02e9334d9
templates/customers/reset_password.liquid:
  development: 2018-05-02T21:48:09-07:00   a102e1e3fed0dc2d8752dd1cbe46f648
templates/gift_card.liquid:
  development: 2018-05-02T21:48:10-07:00   40617fa226030fafd85b8e3222901bc2
templates/index.liquid:
  development: 2018-05-02T21:48:10-07:00   f928d6eada4f0a3d891309421f31f99f
templates/list-collections.liquid:
  development: 2018-06-06T12:15:56-07:00   f29282a050eb9eb9733b83e5f9e527fc
templates/page.contact.liquid:
  development: 2018-05-02T21:48:10-07:00   7447b9ac4613371ab33ac83b75a521dc
templates/page.liquid:
  development: 2018-06-13T15:57:28-07:00   cf2305fb736924e62bb1509732ec1cc4
templates/page.product-list-collections.liquid:
  development: 2018-06-06T11:54:15-07:00   f68bfd85088c2a14a8ca516e927397a3
templates/page.servers.liquid:
  development: 2018-06-14T16:37:13-07:00   cf2305fb736924e62bb1509732ec1cc4
templates/password.liquid:
  development: 2018-05-02T21:48:10-07:00   e499bcf8175b9db9b3a0933ba9f3ed3a
templates/product.bc-quickview.liquid:
  development: 2018-06-05T09:48:57-07:00   7b8fc51dffa1efbb6bb649f97748139e
templates/product.custom-1.liquid:
  development: 2018-05-29T12:07:49-07:00   3109c6493472812561a2e19b31d5bd4d
templates/product.liquid:
  development: 2018-06-11T19:40:23-07:00   7a79426d7514c640fa4e2abf6dcbe0f9
templates/search-bc-sf-filter-backup.liquid:
  development: 2018-06-05T09:48:43-07:00   f44fa003f48ebfc104ab0937b80b3a84
templates/search.liquid:
  development: 2018-06-05T09:48:47-07:00   a90dde2e47cfd5f8f6cee1d3fee12434
