# THIS IS AN AUTOGENERATED FILE. DO NOT EDIT THIS FILE DIRECTLY.
assets/32px.png:
  development: 2018-07-11T17:16:25-07:00   db49c8de4f267eede40a9a8843efcdec
assets/40px.png:
  development: 2018-07-11T17:16:41-07:00   1f075735090412ed7eb8077d819b19c6
assets/VIO-W221_465x325_1.png:
  development: 2018-06-14T17:44:24-07:00   e66684cc0cabef03468451fcd6871a5d
assets/bc-quickview-ico-select.svg.liquid:
  development: 2018-06-05T09:48:57-07:00   cadc5dad6e8cedb2d6f76c94c261af5f
assets/bc-quickview-lib.js:
  development: 2018-06-05T09:48:57-07:00   c3bc61c55f46fff3ff1c0f7b63fd344a
assets/bc-sf-filter-checked.png:
  development: 2018-06-05T09:48:49-07:00
assets/bc-sf-filter-lib.js:
  development: 2018-06-05T09:48:47-07:00   76ef9337f673e75b8bf8d16423282b91
assets/bc-sf-filter-loading.gif:
  development: 2018-06-05T09:48:50-07:00   4f0d7a057ab9bf47148d131d6823bc61
assets/bc-sf-filter-no-image.gif:
  development: 2018-06-05T09:48:49-07:00   0c0c8503031b6551f7dbbbe77f180ab4
assets/bc-sf-filter-sprite.png:
  development: 2018-06-05T09:48:49-07:00   733a9d1b60a0250d46ed78e6209d6468
assets/bc-sf-filter.css:
  development: 2018-06-22T10:12:27-07:00   6150d63d67a48c485287ba43d18787cc
assets/bc-sf-filter.js:
  development: 2018-06-05T09:48:53-07:00   075b13f0d291b724028fdba43965a245
assets/bc-sf-search.js:
  development: 2018-06-05T09:48:46-07:00   3ef864c287892b2b2dd18cbfaf16d6a9
assets/bc-sf-search.png:
  development: 2018-06-05T09:48:49-07:00   da6417b7ff170247afd7492825ce16f9
assets/bold-options.css:
  development: 2018-07-31T10:58:57-07:00   53ada2d8d3fcb87cd88d7dcd18ab2f61
assets/bold.css:
  development: 2018-05-30T19:13:46-07:00   9e844610f9a9b918c4136f91f045ae1b
assets/custom.css.liquid:
  development: 2018-07-31T16:34:29-07:00   d240d9c11359aa79772cb8de289f7bdb
assets/customize-theme.css.liquid:
  development: 2018-06-27T18:15:57-07:00   20ff5df630ab7ce1d68427071fd5dfea
assets/fix-compare.js:
  development: 2018-07-25T16:31:54-07:00   860e05c57c69adf964942f8be9c305d5
assets/gift-card.scss.liquid:
  development: 2018-05-02T21:48:07-07:00   e1a5daa919b551d8d2a3051821614eb0
assets/jquery-2.2.3.min.js:
  development: 2018-05-02T21:48:07-07:00   33cabfa15c1060aaa3d207c653afb1ee
assets/jquery-3.3.1.min.js:
  development: 2018-06-29T14:30:21-07:00   a46fb81762396b7bf2020774a2fb4d9e
assets/jquery-csv.js:
  development: 2018-07-18T11:18:27-07:00   92f29c15ec0eeb405642f7441bdccf28
assets/jstree.js:
  development: 2018-07-11T17:17:49-07:00   b371a59bea924b430bb6b60904fbaac8
assets/jstree.min.js:
  development: 2018-07-11T17:18:03-07:00   3e831b62c1776a7f4d97940360f6dae5
assets/lazysizes.min.js:
  development: 2018-05-02T21:48:07-07:00   830660aaaf0a60b712ad5c32482ee689
assets/no-image-for-this-collection.png:
  development: 2018-06-14T15:13:34-07:00   168718768f092fdc34aa2cfcfe8166f6
assets/no-image.svg:
  development: 2018-05-02T21:48:07-07:00   17eb9b00d6ee66aae9f9ae57508e5a88
assets/preloader.gif:
  development: 2018-05-02T21:48:07-07:00   4b47e5482edc6ac1b1adec65c7c0051c
assets/show-variant-spec:
  development: 2018-06-18T10:07:18-07:00
assets/show-variant-spec.js:
  development: 2018-07-26T12:28:22-07:00   a35cd4fdf5d45d830fdaed08ead791e5
assets/sticky-kit.js:
  development: 2018-07-17T11:15:54-07:00   1a2bdec0403be120c62d5d3dee881e76
assets/sticky-tab.css:
  development: 2018-07-16T17:56:22-07:00   6fcdc86eee83971fcb0a9095fc1dff2d
assets/sticky-tab.js:
  development: 2018-07-19T15:56:57-07:00   60a612437af233fe52f5661778491ca0
assets/style.css:
  development: 2018-07-11T17:16:52-07:00   b67cb6709a9a93cf842156645e2b3a67
assets/style.min.css:
  development: 2018-07-11T17:17:08-07:00   8f65ba57d02eadb0c75d0623190d1ee8
assets/tab-container.js:
  development: 2018-07-30T11:57:24-07:00   6fc3d18486b4ad49295b0ca122ba6c31
assets/theme.js:
  development: 2018-08-01T09:43:35-07:00   c908895666dc8de39fb730206b4f5f9a
assets/theme.scss.liquid:
  development: 2018-08-01T09:47:35-07:00   f5675ef26523bd2e938c076e6ac1b384
assets/throbber.gif:
  development: 2018-07-11T17:17:22-07:00   9ed4669f524bec38319be63a2ee4ba26
assets/uncomplicated.categories.catlist.css.liquid:
  development: 2018-06-14T15:13:31-07:00   5f2a494e24b4e8e2a322dbd4aa9aa4ce
assets/uncomplicated.categories.catlist.min.js:
  development: 2018-07-16T18:54:09-07:00   dafd0e7030fcf33b70e7da837a1d3d09
assets/vendor.js:
  development: 2018-05-02T21:48:08-07:00   61bdd6100244869e398a4db18e64ea77
config/settings_data.json:
  development: 2018-07-26T14:23:24-07:00   f47dca224503ced880ed4aec008434a6
config/settings_schema.json:
  development: 2018-06-14T17:17:38-07:00   e9f929ce3d5c95174ad3bde8aadb35fb
layout/password.liquid:
  development: 2018-05-02T21:48:08-07:00   5b08d70a62842366bc47cc401e5c2836
layout/theme.liquid:
  development: 2018-07-25T16:40:12-07:00   1f9884dc8c0475a6aa2841f896725244
layout/theme_bkp_by_aaa_formbuilder_2018_07_25_01_44.liquid:
  development: 2018-07-24T18:44:19-07:00   57dd2366234a0a033817573f5c2f4d5e
locales/de.json:
  development: 2018-06-05T09:49:00-07:00   305f9e412275fdf961a1ada2bd6e690d
locales/en.default.json:
  development: 2018-07-20T15:53:55-07:00   590a45be73680674f7215032c6b7a408
locales/es.json:
  development: 2018-06-05T09:49:00-07:00   b4de4c98bcac74919f63818cd5ea6396
locales/fr.json:
  development: 2018-06-05T09:49:00-07:00   94eb8955048327e5abc2ab8a19d61bfe
locales/it.json:
  development: 2018-06-05T09:49:00-07:00   099f1f55dc320efb686275b650667d1c
locales/ja.json:
  development: 2018-06-05T09:49:00-07:00   4cfa9152136540df31ebe39ee1d1d789
locales/pt-BR.json:
  development: 2018-06-05T09:49:00-07:00   50a2fd58301719e5f56ececa0be16ef2
locales/pt-PT.json:
  development: 2018-06-05T09:49:00-07:00   7625d1cd382680a4fcdfa4d7cf5979f3
sections/article-template.liquid:
  development: 2018-05-02T21:48:05-07:00   20f5a4604065986dd186a6daddf24f53
sections/cart-template.liquid:
  development: 2018-07-20T15:05:40-07:00   50001b84d9eb861c53477ba36bff521d
sections/client-list.liquid:
  development: 2018-05-02T21:48:05-07:00   8f1030f182c2e833e737668983e00420
sections/collection-template-bc-original.liquid:
  development: 2018-07-26T11:43:19-07:00   b77abdc0f44dabac53a2369dfd3a8b94
sections/collection-template-bc-sf-filter-backup.liquid:
  development: 2018-06-06T17:36:21-07:00   22a3e661ced8f666e13531d2f3e10260
sections/collection-template.liquid:
  development: 2018-07-16T19:14:16-07:00   4f59e27180015e8f72a521fe7fd318bd
sections/custom-1-product-template.liquid:
  development: 2018-07-27T11:20:41-07:00   0b7a38603eef66a635cddc67e42894b0
sections/faq.liquid:
  development: 2018-06-14T17:17:20-07:00   7170148f233e0a444cff571c57b7d863
sections/feature-collection.liquid:
  development: 2018-05-29T17:49:52-07:00   4bed46174c3d1f250eee00f2690a0bb7
sections/feature-columns.liquid:
  development: 2018-06-14T17:17:43-07:00   74f6267a446e9b9879f3c3e47cb5b4ae
sections/feature-rows.liquid:
  development: 2018-05-02T21:48:05-07:00   46e7553f2d725edb4f8a3d0421233a79
sections/featured-blog.liquid:
  development: 2018-05-02T21:48:05-07:00   2e3bdeeb8fb0fb4effbed134e471cd87
sections/featured-content.liquid:
  development: 2018-05-02T21:48:05-07:00   475688ef186471b5b6578b6bc9e8c32b
sections/footer.liquid:
  development: 2018-07-31T17:23:45-07:00   c76f7744b10ca0d88a68159a14882c55
sections/header.liquid:
  development: 2018-07-09T12:27:37-07:00   f296681a192f73dd0567b48842891729
sections/home-product.liquid:
  development: 2018-05-02T21:48:05-07:00   8934f29dbe2d3f5b13232229569a3a54
sections/kickstarter.liquid:
  development: 2018-05-02T21:48:06-07:00   71516c6b84beee36ede1050d2eeca35d
sections/list-collection-template.liquid:
  development: 2018-05-02T21:48:06-07:00   ff78352241d4b0127ffee39188a17cfd
sections/map.liquid:
  development: 2018-06-14T17:17:29-07:00   771ef68b8f2744251187788e9fb5f1b5
sections/newsletter.liquid:
  development: 2018-05-02T21:48:06-07:00   408965fcec75d6bc1e3266ce98f71366
sections/password-content.liquid:
  development: 2018-05-02T21:48:06-07:00   6e43f28f6b85902774a308c1b9648d98
sections/password-header.liquid:
  development: 2018-05-02T21:48:06-07:00   5c115e0ccfcf53f5bfb26162231c2945
sections/product-template-variants.liquid:
  development: 2018-07-27T11:13:42-07:00   e488570ddae4cd8f7345dabe6c0f4465
sections/product-template.liquid:
  development: 2018-06-20T16:58:31-07:00   e68e8f26144b0b7d81cd5e24067d0386
sections/rich-text.liquid:
  development: 2018-05-02T21:48:06-07:00   b84969b8d31aaaf9bfae075c623ace5f
sections/search-template.liquid:
  development: 2018-07-11T12:25:17-07:00   ae1fbffec4258f6c987ebd95758a0cb9
sections/slideshow.liquid:
  development: 2018-05-02T21:48:06-07:00   37671f29e9bc46ca3faf6c07ab6b0f0d
sections/video.liquid:
  development: 2018-05-02T21:48:06-07:00   885a3481dba1b731c164b201f434a28a
snippets/asset_svg.liquid:
  development: 2018-07-09T12:20:48-07:00   c374e5697f1a91e1618392461bc12b9b
snippets/bc-quickview-init.liquid:
  development: 2018-06-05T09:48:57-07:00   db8d34e5268f9d89f05be87d983d5118
snippets/bc-sf-filter.liquid:
  development: 2018-06-05T09:48:56-07:00   eca166656801e5e8bcd39c5f85e39108
snippets/bgset.liquid:
  development: 2018-05-02T21:48:08-07:00   e7ca6a4953c6209c770bc737136479b3
snippets/blog_item.liquid:
  development: 2018-05-02T21:48:08-07:00   e309d35126893946f6bd7be931f86eea
snippets/blog_meta.liquid:
  development: 2018-05-02T21:48:08-07:00   f51f4d05c31ea789ae847a5c0ba2b068
snippets/bold-cart-item.liquid:
  development: 2018-05-21T18:38:02-07:00   2aa50621eeb8983e4337341c83a7263d
snippets/bold-cart.liquid:
  development: 2018-05-21T18:37:15-07:00   d963721b4aa920868c916546850fc02d
snippets/bold-common.liquid:
  development: 2018-07-31T11:09:42-07:00   91efdaa95849cf4979f99ea56c17efe3
snippets/bold-product.liquid:
  development: 2018-05-29T17:49:53-07:00   acc10de003a35e0f5656be6bfb6719f4
snippets/bold-variant.liquid:
  development: 2018-05-29T17:49:54-07:00   cc5775289782460abf0deff824ebd76a
snippets/breadcrumb-premio.liquid:
  development: 2018-07-30T19:59:01-07:00   4fd507a76b1d2c66ef88879387acdcaf
snippets/breadcrumb.liquid:
  development: 2018-07-26T16:16:47-07:00
snippets/collection-grid-item.liquid:
  development: 2018-05-02T21:48:08-07:00   25496dab25c335b162e4ec1e0eb3e95f
snippets/download-page.liquid:
  development: 2018-07-17T15:12:47-07:00   959d8cc6e686a4ea04f36bda2a81421f
snippets/footer_social-icons.liquid:
  development: 2018-05-02T21:48:08-07:00   1ca7e466418588fe84c5cc4456f1365f
snippets/head_fonts.liquid:
  development: 2018-05-02T21:48:08-07:00   8b08823e036ef260b85e56e0d78ea89e
snippets/newsletter.liquid:
  development: 2018-05-02T21:48:09-07:00   fd9baedc4d62fbb578b107bdd2a6c905
snippets/page_header.liquid:
  development: 2018-06-14T17:41:07-07:00   ebcee114def4a1bc6c37f1f556d52d82
snippets/page_pagination.liquid:
  development: 2018-05-02T21:48:09-07:00   d57dee2a6c7e6438fb39b1aae356c2ea
snippets/page_share.liquid:
  development: 2018-05-02T21:48:09-07:00   15c4f798bc03233529a580cd6fb8b723
snippets/product-grid-item.liquid:
  development: 2018-07-26T11:58:29-07:00   af33fb76451ab5efafd6bf4a5c99c6fc
snippets/product-radio-button.liquid:
  development: 2018-06-29T14:34:19-07:00
snippets/recaptcha-form.liquid:
  development: 2018-07-23T18:38:50-07:00   ff832f06c18d09e0b8affcd086bd738f
snippets/shappify-options.liquid:
  development: 2018-05-29T17:48:51-07:00   b33ff8dc5813eb97b943075620ef700d
snippets/social-meta-tags.liquid:
  development: 2018-05-02T21:48:09-07:00   ae9e213401623b2601abf0ace8e21537
snippets/uncomplicated.categories.catbread.liquid:
  development: 2018-07-16T17:57:23-07:00   d813f76860469d78dfaa2562c70ef97f
snippets/variant-radio.liquid:
  development: 2018-07-05T12:47:40-07:00   24862626269fffb3aa68f1cda342286c
templates/404.liquid:
  development: 2018-05-02T21:48:09-07:00   40fdef9320d5248382baeae29d513ccc
templates/article.liquid:
  development: 2018-05-02T21:48:09-07:00   08563437ca9c95766c220339923d2899
templates/blog.liquid:
  development: 2018-05-02T21:48:09-07:00   98c744c6589da229d282ec4a2c656845
templates/cart.liquid:
  development: 2018-05-02T21:48:09-07:00   6ae9a93dfc1f81048a78ee67ca6b04c6
templates/collection.bc-original.liquid:
  development: 2018-06-05T09:48:45-07:00   29f5463c6a780018588db6d41ea55018
templates/collection.liquid:
  development: 2018-06-20T18:01:30-07:00   e3d575a26807b6f539ae12fb6289983c
templates/customers/account.liquid:
  development: 2018-07-20T15:51:44-07:00   eb49ba787bb49047cbe29a4aa3aa68b1
templates/customers/activate_account.liquid:
  development: 2018-05-02T21:48:09-07:00   2936bafdc16667951b03ee4a9eebc101
templates/customers/addresses.liquid:
  development: 2018-05-02T21:48:09-07:00   063651985c33c3f6ea12421fbef20df3
templates/customers/login.liquid:
  development: 2018-07-11T11:11:51-07:00   27c35ddf13aaa64a7ead83ee28c0a3ef
templates/customers/order.liquid:
  development: 2018-07-20T16:00:26-07:00   ba10466a44b6a6f5b80874f962f80fc8
templates/customers/register.liquid:
  development: 2018-05-02T21:48:09-07:00   795128405c3205d29fc5b5a02e9334d9
templates/customers/reset_password.liquid:
  development: 2018-05-02T21:48:09-07:00   a102e1e3fed0dc2d8752dd1cbe46f648
templates/gift_card.liquid:
  development: 2018-05-02T21:48:10-07:00   40617fa226030fafd85b8e3222901bc2
templates/index.liquid:
  development: 2018-05-02T21:48:10-07:00   f928d6eada4f0a3d891309421f31f99f
templates/list-collections.liquid:
  development: 2018-06-06T12:15:56-07:00   f29282a050eb9eb9733b83e5f9e527fc
templates/page.breadcrumb-test.liquid:
  development: 2018-07-30T18:45:50-07:00   a2eef15fc870176832a4c3f8ded472d6
templates/page.contact.liquid:
  development: 2018-07-11T12:14:00-07:00   632c297cda023ff5558a402bc8cbd995
templates/page.contact.recaptcha.liquid:
  development: 2018-07-24T17:34:21-07:00   349a285ece9832876c74d1a38376c54b
templates/page.liquid:
  development: 2018-07-16T19:49:49-07:00   fe185f0eb9216797756c4d96630e364b
templates/page.product-list-collections.liquid:
  development: 2018-06-06T11:54:15-07:00   f68bfd85088c2a14a8ca516e927397a3
templates/page.servers.liquid:
  development: 2018-06-14T16:37:13-07:00   cf2305fb736924e62bb1509732ec1cc4
templates/password.liquid:
  development: 2018-05-02T21:48:10-07:00   e499bcf8175b9db9b3a0933ba9f3ed3a
templates/product.bc-quickview.liquid:
  development: 2018-06-05T09:48:57-07:00   7b8fc51dffa1efbb6bb649f97748139e
templates/product.custom-1.liquid:
  development: 2018-07-09T21:51:15-07:00   e1fbc9200a87a674f0713b347646198a
templates/product.liquid:
  development: 2018-07-09T21:51:30-07:00   b91a5d4eb92e5429ebc9e0c498a0b466
templates/product.product-variant.liquid:
  development: 2018-06-15T14:44:15-07:00   07a0f5342ff46b0987129a0ec21a881e
templates/search-bc-sf-filter-backup.liquid:
  development: 2018-06-05T09:48:43-07:00   f44fa003f48ebfc104ab0937b80b3a84
templates/search.liquid:
  development: 2018-06-05T09:48:47-07:00   a90dde2e47cfd5f8f6cee1d3fee12434
